# This file was autogenerated by Stack.
# You should not edit this file by hand.
# For more information, please see the documentation at:
#   https://docs.haskellstack.org/en/stable/lock_files

packages:
- completed:
    hackage: binary-0.8.9.2@sha256:03381e511429c44d13990c6d76281c4fc2468371cede4fe684b0c98d9b7d5f5a,6611
    pantry-tree:
      sha256: 7fac13c81b45416bd082c34e31cc3ac19226dd15354f379156922ad4cfbe6285
      size: 1976
  original:
    hackage: binary-0.8.9.2@sha256:03381e511429c44d13990c6d76281c4fc2468371cede4fe684b0c98d9b7d5f5a,6611
- completed:
    hackage: bytestring-0.12.1.0@sha256:98e79e1c97117143e4012983509ec95f7e5e4f6adff6914d07812a39f83404b9,9473
    pantry-tree:
      sha256: 89aac3892a1f67b0b18fec87ac3eaf417b8698e5f231a25b571ac91d085943d3
      size: 4650
  original:
    hackage: bytestring-0.12.1.0@sha256:98e79e1c97117143e4012983509ec95f7e5e4f6adff6914d07812a39f83404b9,9473
- completed:
    hackage: containers-0.6.8@sha256:bb2bec1bbc6b39a7c97cd95e056a5698ec45beb5d8feb6caae12af64e4bd823c,2670
    pantry-tree:
      sha256: 62d0b7f21a9f298867bbf0acae201d1fe4e32d309b4085a52c037eb551852811
      size: 2954
  original:
    hackage: containers-0.6.8@sha256:bb2bec1bbc6b39a7c97cd95e056a5698ec45beb5d8feb6caae12af64e4bd823c,2670
- completed:
    hackage: deepseq-1.5.1.0@sha256:6adeff09469103c4e6cf94c2803d74ac1c652366250eacff97dea8415c3fb4ea,2214
    pantry-tree:
      sha256: 65d11b491ac27a9316e97eb298456261cef510249f28d6d9d8c88cf3c608a600
      size: 318
  original:
    hackage: deepseq-1.5.1.0@sha256:6adeff09469103c4e6cf94c2803d74ac1c652366250eacff97dea8415c3fb4ea,2214
- completed:
    hackage: stm-2.5.3.1@sha256:b93121e5fb0939cb7120322763079b425bab097e049abb35580ecb6ab6abccbe,2356
    pantry-tree:
      sha256: 7065b7b2d3dd010a394cc6aff541d6c006398182efc77b77a4764261f30422ab
      size: 1392
  original:
    hackage: stm-2.5.3.1@sha256:b93121e5fb0939cb7120322763079b425bab097e049abb35580ecb6ab6abccbe,2356
- completed:
    hackage: text-2.1.1@sha256:78c3fb91055d0607a80453327f087b9dc82168d41d0dca3ff410d21033b5e87d,10653
    pantry-tree:
      sha256: 8251d517ceafa2680250ddb939f4a2b89bf231314cf6a218134af900e154d7cd
      size: 8413
  original:
    hackage: text-2.1.1@sha256:78c3fb91055d0607a80453327f087b9dc82168d41d0dca3ff410d21033b5e87d,10653
- completed:
    hackage: exceptions-0.10.8@sha256:c31fd9b35d36196cbb14ffa5fca4de49868fd39acfeddd601fb77e742554aa67,2892
    pantry-tree:
      sha256: e8efdc0add1082d0e23bbbe618108852deb210f09f17012ef677c6011a68fbc0
      size: 738
  original:
    hackage: exceptions-0.10.8@sha256:c31fd9b35d36196cbb14ffa5fca4de49868fd39acfeddd601fb77e742554aa67,2892
- completed:
    hackage: split-0.2.5@sha256:5bc1ae848bfded3087ea3e568908f1b75f56ecde6f02df3fad1a138dd5c783d5,2625
    pantry-tree:
      sha256: 5d28c851a2c98e3d8ac0f01adc58303d775afe39dce23ec953be64ae65d11166
      size: 443
  original:
    hackage: split-0.2.5
- completed:
    hackage: random-1.2.1.2@sha256:32397de181e20ccaacf806ec70de9308cf044f089a2be37c936f3f8967bde867,6460
    pantry-tree:
      sha256: cd0fe2b39e4d4efad4d78f69c28b7fd49ffe2879923b3a9272352edc43a956e6
      size: 1528
  original:
    hackage: random-1.2.1.2
- completed:
    hackage: massiv-1.0.4.0@sha256:6fce54a305f4d6da5a929d8720bf3324ea62d3464dc4b24721be605bcd794a0f,5246
    pantry-tree:
      sha256: 8e1488e98fe5133dc123d83a71c1b48b5654353e69c3bcdf98008e3e7edfa9ed
      size: 4070
  original:
    hackage: massiv-1.0.4.0
- completed:
    hackage: gloss-1.13.2.2@sha256:e1a017c22fa337b2eec594dd62db6c9e20cbf02d9e8d98ffd970a1d639a42913,3977
    pantry-tree:
      sha256: dc3c880f8c1ce4d46ef06c60993982318482d41123ab0c22c807e6c14f71662b
      size: 3807
  original:
    hackage: gloss-1.13.2.2
snapshots:
- completed:
    sha256: 6a553c5fa4f211a9b639da5e5359124a93627852dd9967bed202fdd71b25f15e
    size: 720021
    url: https://raw.githubusercontent.com/commercialhaskell/stackage-snapshots/master/lts/22/36.yaml
  original:
    url: https://raw.githubusercontent.com/commercialhaskell/stackage-snapshots/master/lts/22/36.yaml
